// !$*UTF8*$!
{
	archiveVersion = 1;
	classes = {
	};
	objectVersion = 46;
	objects = {

/* Begin PBXBuildFile section */
		18449F091D95054900D6CB68 /* main.m in Sources */ = {isa = PBXBuildFile; fileRef = 18449F081D95054900D6CB68 /* main.m */; };
		18449F0C1D95054900D6CB68 /* AppDelegate.m in Sources */ = {isa = PBXBuildFile; fileRef = 18449F0B1D95054900D6CB68 /* AppDelegate.m */; };
		18449F0F1D95054900D6CB68 /* ViewController.m in Sources */ = {isa = PBXBuildFile; fileRef = 18449F0E1D95054900D6CB68 /* ViewController.m */; };
		18449F121D95054900D6CB68 /* Main.storyboard in Resources */ = {isa = PBXBuildFile; fileRef = 18449F101D95054900D6CB68 /* Main.storyboard */; };
		18449F141D95054900D6CB68 /* Assets.xcassets in Resources */ = {isa = PBXBuildFile; fileRef = 18449F131D95054900D6CB68 /* Assets.xcassets */; };
		18449F171D95054900D6CB68 /* LaunchScreen.storyboard in Resources */ = {isa = PBXBuildFile; fileRef = 18449F151D95054900D6CB68 /* LaunchScreen.storyboard */; };
		18449F221D95054900D6CB68 /* ZFActionSheetTests.m in Sources */ = {isa = PBXBuildFile; fileRef = 18449F211D95054900D6CB68 /* ZFActionSheetTests.m */; };
		18449F2D1D95054900D6CB68 /* ZFActionSheetUITests.m in Sources */ = {isa = PBXBuildFile; fileRef = 18449F2C1D95054900D6CB68 /* ZFActionSheetUITests.m */; };
		8BF5CFE91EB31CF20039DB9C /* ZZFActionAlert.m in Sources */ = {isa = PBXBuildFile; fileRef = 8BF5CFE81EB31CF20039DB9C /* ZZFActionAlert.m */; };
		8BF5CFEC1EB31D750039DB9C /* 7be62dc9fd87995c45a2b0d4b74f8e51.jpg in Resources */ = {isa = PBXBuildFile; fileRef = 8BF5CFEB1EB31D750039DB9C /* 7be62dc9fd87995c45a2b0d4b74f8e51.jpg */; };
		8BF5CFEE1EB31D890039DB9C /* background.jpg in Resources */ = {isa = PBXBuildFile; fileRef = 8BF5CFED1EB31D890039DB9C /* background.jpg */; };
/* End PBXBuildFile section */

/* Begin PBXContainerItemProxy section */
		18449F1E1D95054900D6CB68 /* PBXContainerItemProxy */ = {
			isa = PBXContainerItemProxy;
			containerPortal = 18449EFC1D95054900D6CB68 /* Project object */;
			proxyType = 1;
			remoteGlobalIDString = 18449F031D95054900D6CB68;
			remoteInfo = ZFActionSheet;
		};
		18449F291D95054900D6CB68 /* PBXContainerItemProxy */ = {
			isa = PBXContainerItemProxy;
			containerPortal = 18449EFC1D95054900D6CB68 /* Project object */;
			proxyType = 1;
			remoteGlobalIDString = 18449F031D95054900D6CB68;
			remoteInfo = ZFActionSheet;
		};
/* End PBXContainerItemProxy section */

/* Begin PBXFileReference section */
		18449F041D95054900D6CB68 /* ZFActionSheet.app */ = {isa = PBXFileReference; explicitFileType = wrapper.application; includeInIndex = 0; path = ZFActionSheet.app; sourceTree = BUILT_PRODUCTS_DIR; };
		18449F081D95054900D6CB68 /* main.m */ = {isa = PBXFileReference; lastKnownFileType = sourcecode.c.objc; path = main.m; sourceTree = "<group>"; };
		18449F0A1D95054900D6CB68 /* AppDelegate.h */ = {isa = PBXFileReference; lastKnownFileType = sourcecode.c.h; path = AppDelegate.h; sourceTree = "<group>"; };
		18449F0B1D95054900D6CB68 /* AppDelegate.m */ = {isa = PBXFileReference; lastKnownFileType = sourcecode.c.objc; path = AppDelegate.m; sourceTree = "<group>"; };
		18449F0D1D95054900D6CB68 /* ViewController.h */ = {isa = PBXFileReference; lastKnownFileType = sourcecode.c.h; path = ViewController.h; sourceTree = "<group>"; };
		18449F0E1D95054900D6CB68 /* ViewController.m */ = {isa = PBXFileReference; lastKnownFileType = sourcecode.c.objc; path = ViewController.m; sourceTree = "<group>"; };
		18449F111D95054900D6CB68 /* Base */ = {isa = PBXFileReference; lastKnownFileType = file.storyboard; name = Base; path = Base.lproj/Main.storyboard; sourceTree = "<group>"; };
		18449F131D95054900D6CB68 /* Assets.xcassets */ = {isa = PBXFileReference; lastKnownFileType = folder.assetcatalog; path = Assets.xcassets; sourceTree = "<group>"; };
		18449F161D95054900D6CB68 /* Base */ = {isa = PBXFileReference; lastKnownFileType = file.storyboard; name = Base; path = Base.lproj/LaunchScreen.storyboard; sourceTree = "<group>"; };
		18449F181D95054900D6CB68 /* Info.plist */ = {isa = PBXFileReference; lastKnownFileType = text.plist.xml; path = Info.plist; sourceTree = "<group>"; };
		18449F1D1D95054900D6CB68 /* ZFActionSheetTests.xctest */ = {isa = PBXFileReference; explicitFileType = wrapper.cfbundle; includeInIndex = 0; path = ZFActionSheetTests.xctest; sourceTree = BUILT_PRODUCTS_DIR; };
		18449F211D95054900D6CB68 /* ZFActionSheetTests.m */ = {isa = PBXFileReference; lastKnownFileType = sourcecode.c.objc; path = ZFActionSheetTests.m; sourceTree = "<group>"; };
		18449F231D95054900D6CB68 /* Info.plist */ = {isa = PBXFileReference; lastKnownFileType = text.plist.xml; path = Info.plist; sourceTree = "<group>"; };
		18449F281D95054900D6CB68 /* ZFActionSheetUITests.xctest */ = {isa = PBXFileReference; explicitFileType = wrapper.cfbundle; includeInIndex = 0; path = ZFActionSheetUITests.xctest; sourceTree = BUILT_PRODUCTS_DIR; };
		18449F2C1D95054900D6CB68 /* ZFActionSheetUITests.m */ = {isa = PBXFileReference; lastKnownFileType = sourcecode.c.objc; path = ZFActionSheetUITests.m; sourceTree = "<group>"; };
		18449F2E1D95054900D6CB68 /* Info.plist */ = {isa = PBXFileReference; lastKnownFileType = text.plist.xml; path = Info.plist; sourceTree = "<group>"; };
		8BF5CFE71EB31CF20039DB9C /* ZZFActionAlert.h */ = {isa = PBXFileReference; fileEncoding = 4; lastKnownFileType = sourcecode.c.h; path = ZZFActionAlert.h; sourceTree = "<group>"; };
		8BF5CFE81EB31CF20039DB9C /* ZZFActionAlert.m */ = {isa = PBXFileReference; fileEncoding = 4; lastKnownFileType = sourcecode.c.objc; path = ZZFActionAlert.m; sourceTree = "<group>"; };
		8BF5CFEB1EB31D750039DB9C /* 7be62dc9fd87995c45a2b0d4b74f8e51.jpg */ = {isa = PBXFileReference; lastKnownFileType = image.jpeg; path = 7be62dc9fd87995c45a2b0d4b74f8e51.jpg; sourceTree = "<group>"; };
		8BF5CFED1EB31D890039DB9C /* background.jpg */ = {isa = PBXFileReference; lastKnownFileType = image.jpeg; path = background.jpg; sourceTree = "<group>"; };
/* End PBXFileReference section */

/* Begin PBXFrameworksBuildPhase section */
		18449F011D95054900D6CB68 /* Frameworks */ = {
			isa = PBXFrameworksBuildPhase;
			buildActionMask = 2147483647;
			files = (
			);
			runOnlyForDeploymentPostprocessing = 0;
		};
		18449F1A1D95054900D6CB68 /* Frameworks */ = {
			isa = PBXFrameworksBuildPhase;
			buildActionMask = 2147483647;
			files = (
			);
			runOnlyForDeploymentPostprocessing = 0;
		};
		18449F251D95054900D6CB68 /* Frameworks */ = {
			isa = PBXFrameworksBuildPhase;
			buildActionMask = 2147483647;
			files = (
			);
			runOnlyForDeploymentPostprocessing = 0;
		};
/* End PBXFrameworksBuildPhase section */

/* Begin PBXGroup section */
		18449EFB1D95054900D6CB68 = {
			isa = PBXGroup;
			children = (
				18449F061D95054900D6CB68 /* ZFActionSheet */,
				18449F201D95054900D6CB68 /* ZFActionSheetTests */,
				18449F2B1D95054900D6CB68 /* ZFActionSheetUITests */,
				18449F051D95054900D6CB68 /* Products */,
			);
			sourceTree = "<group>";
		};
		18449F051D95054900D6CB68 /* Products */ = {
			isa = PBXGroup;
			children = (
				18449F041D95054900D6CB68 /* ZFActionSheet.app */,
				18449F1D1D95054900D6CB68 /* ZFActionSheetTests.xctest */,
				18449F281D95054900D6CB68 /* ZFActionSheetUITests.xctest */,
			);
			name = Products;
			sourceTree = "<group>";
		};
		18449F061D95054900D6CB68 /* ZFActionSheet */ = {
			isa = PBXGroup;
			children = (
				8BF5CFEA1EB31CF70039DB9C /* ZFActionSheet */,
				18449F0A1D95054900D6CB68 /* AppDelegate.h */,
				18449F0B1D95054900D6CB68 /* AppDelegate.m */,
				18449F0D1D95054900D6CB68 /* ViewController.h */,
				18449F0E1D95054900D6CB68 /* ViewController.m */,
				18449F101D95054900D6CB68 /* Main.storyboard */,
				18449F131D95054900D6CB68 /* Assets.xcassets */,
				8BF5CFEB1EB31D750039DB9C /* 7be62dc9fd87995c45a2b0d4b74f8e51.jpg */,
				8BF5CFED1EB31D890039DB9C /* background.jpg */,
				18449F151D95054900D6CB68 /* LaunchScreen.storyboard */,
				18449F181D95054900D6CB68 /* Info.plist */,
				18449F071D95054900D6CB68 /* Supporting Files */,
			);
			path = ZFActionSheet;
			sourceTree = "<group>";
		};
		18449F071D95054900D6CB68 /* Supporting Files */ = {
			isa = PBXGroup;
			children = (
				18449F081D95054900D6CB68 /* main.m */,
			);
			name = "Supporting Files";
			sourceTree = "<group>";
		};
		18449F201D95054900D6CB68 /* ZFActionSheetTests */ = {
			isa = PBXGroup;
			children = (
				18449F211D95054900D6CB68 /* ZFActionSheetTests.m */,
				18449F231D95054900D6CB68 /* Info.plist */,
			);
			path = ZFActionSheetTests;
			sourceTree = "<group>";
		};
		18449F2B1D95054900D6CB68 /* ZFActionSheetUITests */ = {
			isa = PBXGroup;
			children = (
				18449F2C1D95054900D6CB68 /* ZFActionSheetUITests.m */,
				18449F2E1D95054900D6CB68 /* Info.plist */,
			);
			path = ZFActionSheetUITests;
			sourceTree = "<group>";
		};
		8BF5CFEA1EB31CF70039DB9C /* ZFActionSheet */ = {
			isa = PBXGroup;
			children = (
				8BF5CFE71EB31CF20039DB9C /* ZZFActionAlert.h */,
				8BF5CFE81EB31CF20039DB9C /* ZZFActionAlert.m */,
			);
			name = ZFActionSheet;
			sourceTree = "<group>";
		};
/* End PBXGroup section */

/* Begin PBXNativeTarget section */
		18449F031D95054900D6CB68 /* ZFActionSheet */ = {
			isa = PBXNativeTarget;
			buildConfigurationList = 18449F311D95054900D6CB68 /* Build configuration list for PBXNativeTarget "ZFActionSheet" */;
			buildPhases = (
				18449F001D95054900D6CB68 /* Sources */,
				18449F011D95054900D6CB68 /* Frameworks */,
				18449F021D95054900D6CB68 /* Resources */,
			);
			buildRules = (
			);
			dependencies = (
			);
			name = ZFActionSheet;
			productName = ZFActionSheet;
			productReference = 18449F041D95054900D6CB68 /* ZFActionSheet.app */;
			productType = "com.apple.product-type.application";
		};
		18449F1C1D95054900D6CB68 /* ZFActionSheetTests */ = {
			isa = PBXNativeTarget;
			buildConfigurationList = 18449F341D95054900D6CB68 /* Build configuration list for PBXNativeTarget "ZFActionSheetTests" */;
			buildPhases = (
				18449F191D95054900D6CB68 /* Sources */,
				18449F1A1D95054900D6CB68 /* Frameworks */,
				18449F1B1D95054900D6CB68 /* Resources */,
			);
			buildRules = (
			);
			dependencies = (
				18449F1F1D95054900D6CB68 /* PBXTargetDependency */,
			);
			name = ZFActionSheetTests;
			productName = ZFActionSheetTests;
			productReference = 18449F1D1D95054900D6CB68 /* ZFActionSheetTests.xctest */;
			productType = "com.apple.product-type.bundle.unit-test";
		};
		18449F271D95054900D6CB68 /* ZFActionSheetUITests */ = {
			isa = PBXNativeTarget;
			buildConfigurationList = 18449F371D95054900D6CB68 /* Build configuration list for PBXNativeTarget "ZFActionSheetUITests" */;
			buildPhases = (
				18449F241D95054900D6CB68 /* Sources */,
				18449F251D95054900D6CB68 /* Frameworks */,
				18449F261D95054900D6CB68 /* Resources */,
			);
			buildRules = (
			);
			dependencies = (
				18449F2A1D95054900D6CB68 /* PBXTargetDependency */,
			);
			name = ZFActionSheetUITests;
			productName = ZFActionSheetUITests;
			productReference = 18449F281D95054900D6CB68 /* ZFActionSheetUITests.xctest */;
			productType = "com.apple.product-type.bundle.ui-testing";
		};
/* End PBXNativeTarget section */

/* Begin PBXProject section */
		18449EFC1D95054900D6CB68 /* Project object */ = {
			isa = PBXProject;
			attributes = {
				LastUpgradeCheck = 0710;
				ORGANIZATIONNAME = Zafir;
				TargetAttributes = {
					18449F031D95054900D6CB68 = {
						CreatedOnToolsVersion = 7.1;
					};
					18449F1C1D95054900D6CB68 = {
						CreatedOnToolsVersion = 7.1;
						TestTargetID = 18449F031D95054900D6CB68;
					};
					18449F271D95054900D6CB68 = {
						CreatedOnToolsVersion = 7.1;
						TestTargetID = 18449F031D95054900D6CB68;
					};
				};
			};
			buildConfigurationList = 18449EFF1D95054900D6CB68 /* Build configuration list for PBXProject "ZFActionSheet" */;
			compatibilityVersion = "Xcode 3.2";
			developmentRegion = English;
			hasScannedForEncodings = 0;
			knownRegions = (
				en,
				Base,
			);
			mainGroup = 18449EFB1D95054900D6CB68;
			productRefGroup = 18449F051D95054900D6CB68 /* Products */;
			projectDirPath = "";
			projectRoot = "";
			targets = (
				18449F031D95054900D6CB68 /* ZFActionSheet */,
				18449F1C1D95054900D6CB68 /* ZFActionSheetTests */,
				18449F271D95054900D6CB68 /* ZFActionSheetUITests */,
			);
		};
/* End PBXProject section */

/* Begin PBXResourcesBuildPhase section */
		18449F021D95054900D6CB68 /* Resources */ = {
			isa = PBXResourcesBuildPhase;
			buildActionMask = 2147483647;
			files = (
				8BF5CFEC1EB31D750039DB9C /* 7be62dc9fd87995c45a2b0d4b74f8e51.jpg in Resources */,
				8BF5CFEE1EB31D890039DB9C /* background.jpg in Resources */,
				18449F171D95054900D6CB68 /* LaunchScreen.storyboard in Resources */,
				18449F141D95054900D6CB68 /* Assets.xcassets in Resources */,
				18449F121D95054900D6CB68 /* Main.storyboard in Resources */,
			);
			runOnlyForDeploymentPostprocessing = 0;
		};
		18449F1B1D95054900D6CB68 /* Resources */ = {
			isa = PBXResourcesBuildPhase;
			buildActionMask = 2147483647;
			files = (
			);
			runOnlyForDeploymentPostprocessing = 0;
		};
		18449F261D95054900D6CB68 /* Resources */ = {
			isa = PBXResourcesBuildPhase;
			buildActionMask = 2147483647;
			files = (
			);
			runOnlyForDeploymentPostprocessing = 0;
		};
/* End PBXResourcesBuildPhase section */

/* Begin PBXSourcesBuildPhase section */
		18449F001D95054900D6CB68 /* Sources */ = {
			isa = PBXSourcesBuildPhase;
			buildActionMask = 2147483647;
			files = (
				18449F0F1D95054900D6CB68 /* ViewController.m in Sources */,
				18449F0C1D95054900D6CB68 /* AppDelegate.m in Sources */,
				18449F091D95054900D6CB68 /* main.m in Sources */,
				8BF5CFE91EB31CF20039DB9C /* ZZFActionAlert.m in Sources */,
			);
			runOnlyForDeploymentPostprocessing = 0;
		};
		18449F191D95054900D6CB68 /* Sources */ = {
			isa = PBXSourcesBuildPhase;
			buildActionMask = 2147483647;
			files = (
				18449F221D95054900D6CB68 /* ZFActionSheetTests.m in Sources */,
			);
			runOnlyForDeploymentPostprocessing = 0;
		};
		18449F241D95054900D6CB68 /* Sources */ = {
			isa = PBXSourcesBuildPhase;
			buildActionMask = 2147483647;
			files = (
				18449F2D1D95054900D6CB68 /* ZFActionSheetUITests.m in Sources */,
			);
			runOnlyForDeploymentPostprocessing = 0;
		};
/* End PBXSourcesBuildPhase section */

/* Begin PBXTargetDependency section */
		18449F1F1D95054900D6CB68 /* PBXTargetDependency */ = {
			isa = PBXTargetDependency;
			target = 18449F031D95054900D6CB68 /* ZFActionSheet */;
			targetProxy = 18449F1E1D95054900D6CB68 /* PBXContainerItemProxy */;
		};
		18449F2A1D95054900D6CB68 /* PBXTargetDependency */ = {
			isa = PBXTargetDependency;
			target = 18449F031D95054900D6CB68 /* ZFActionSheet */;
			targetProxy = 18449F291D95054900D6CB68 /* PBXContainerItemProxy */;
		};
/* End PBXTargetDependency section */

/* Begin PBXVariantGroup section */
		18449F101D95054900D6CB68 /* Main.storyboard */ = {
			isa = PBXVariantGroup;
			children = (
				18449F111D95054900D6CB68 /* Base */,
			);
			name = Main.storyboard;
			sourceTree = "<group>";
		};
		18449F151D95054900D6CB68 /* LaunchScreen.storyboard */ = {
			isa = PBXVariantGroup;
			children = (
				18449F161D95054900D6CB68 /* Base */,
			);
			name = LaunchScreen.storyboard;
			sourceTree = "<group>";
		};
/* End PBXVariantGroup section */

/* Begin XCBuildConfiguration section */
		18449F2F1D95054900D6CB68 /* Debug */ = {
			isa = XCBuildConfiguration;
			buildSettings = {
				ALWAYS_SEARCH_USER_PATHS = NO;
				CLANG_CXX_LANGUAGE_STANDARD = "gnu++0x";
				CLANG_CXX_LIBRARY = "libc++";
				CLANG_ENABLE_MODULES = YES;
				CLANG_ENABLE_OBJC_ARC = YES;
				CLANG_WARN_BOOL_CONVERSION = YES;
				CLANG_WARN_CONSTANT_CONVERSION = YES;
				CLANG_WARN_DIRECT_OBJC_ISA_USAGE = YES_ERROR;
				CLANG_WARN_EMPTY_BODY = YES;
				CLANG_WARN_ENUM_CONVERSION = YES;
				CLANG_WARN_INT_CONVERSION = YES;
				CLANG_WARN_OBJC_ROOT_CLASS = YES_ERROR;
				CLANG_WARN_UNREACHABLE_CODE = YES;
				CLANG_WARN__DUPLICATE_METHOD_MATCH = YES;
				"CODE_SIGN_IDENTITY[sdk=iphoneos*]" = "iPhone Developer";
				COPY_PHASE_STRIP = NO;
				DEBUG_INFORMATION_FORMAT = dwarf;
				ENABLE_STRICT_OBJC_MSGSEND = YES;
				ENABLE_TESTABILITY = YES;
				GCC_C_LANGUAGE_STANDARD = gnu99;
				GCC_DYNAMIC_NO_PIC = NO;
				GCC_NO_COMMON_BLOCKS = YES;
				GCC_OPTIMIZATION_LEVEL = 0;
				GCC_PREPROCESSOR_DEFINITIONS = (
					"DEBUG=1",
					"$(inherited)",
				);
				GCC_WARN_64_TO_32_BIT_CONVERSION = YES;
				GCC_WARN_ABOUT_RETURN_TYPE = YES_ERROR;
				GCC_WARN_UNDECLARED_SELECTOR = YES;
				GCC_WARN_UNINITIALIZED_AUTOS = YES_AGGRESSIVE;
				GCC_WARN_UNUSED_FUNCTION = YES;
				GCC_WARN_UNUSED_VARIABLE = YES;
				IPHONEOS_DEPLOYMENT_TARGET = 9.1;
				MTL_ENABLE_DEBUG_INFO = YES;
				ONLY_ACTIVE_ARCH = YES;
				SDKROOT = iphoneos;
			};
			name = Debug;
		};
		18449F301D95054900D6CB68 /* Release */ = {
			isa = XCBuildConfiguration;
			buildSettings = {
				ALWAYS_SEARCH_USER_PATHS = NO;
				CLANG_CXX_LANGUAGE_STANDARD = "gnu++0x";
				CLANG_CXX_LIBRARY = "libc++";
				CLANG_ENABLE_MODULES = YES;
				CLANG_ENABLE_OBJC_ARC = YES;
				CLANG_WARN_BOOL_CONVERSION = YES;
				CLANG_WARN_CONSTANT_CONVERSION = YES;
				CLANG_WARN_DIRECT_OBJC_ISA_USAGE = YES_ERROR;
				CLANG_WARN_EMPTY_BODY = YES;
				CLANG_WARN_ENUM_CONVERSION = YES;
				CLANG_WARN_INT_CONVERSION = YES;
				CLANG_WARN_OBJC_ROOT_CLASS = YES_ERROR;
				CLANG_WARN_UNREACHABLE_CODE = YES;
				CLANG_WARN__DUPLICATE_METHOD_MATCH = YES;
				"CODE_SIGN_IDENTITY[sdk=iphoneos*]" = "iPhone Developer";
				COPY_PHASE_STRIP = NO;
				DEBUG_INFORMATION_FORMAT = "dwarf-with-dsym";
				ENABLE_NS_ASSERTIONS = NO;
				ENABLE_STRICT_OBJC_MSGSEND = YES;
				GCC_C_LANGUAGE_STANDARD = gnu99;
				GCC_NO_COMMON_BLOCKS = YES;
				GCC_WARN_64_TO_32_BIT_CONVERSION = YES;
				GCC_WARN_ABOUT_RETURN_TYPE = YES_ERROR;
				GCC_WARN_UNDECLARED_SELECTOR = YES;
				GCC_WARN_UNINITIALIZED_AUTOS = YES_AGGRESSIVE;
				GCC_WARN_UNUSED_FUNCTION = YES;
				GCC_WARN_UNUSED_VARIABLE = YES;
				IPHONEOS_DEPLOYMENT_TARGET = 9.1;
				MTL_ENABLE_DEBUG_INFO = NO;
				SDKROOT = iphoneos;
				VALIDATE_PRODUCT = YES;
			};
			name = Release;
		};
		18449F321D95054900D6CB68 /* Debug */ = {
			isa = XCBuildConfiguration;
			buildSettings = {
				ASSETCATALOG_COMPILER_APPICON_NAME = AppIcon;
				INFOPLIST_FILE = ZFActionSheet/Info.plist;
				LD_RUNPATH_SEARCH_PATHS = "$(inherited) @executable_path/Frameworks";
				PRODUCT_BUNDLE_IDENTIFIER = Zafir.com.ZFActionSheet;
				PRODUCT_NAME = "$(TARGET_NAME)";
			};
			name = Debug;
		};
		18449F331D95054900D6CB68 /* Release */ = {
			isa = XCBuildConfiguration;
			buildSettings = {
				ASSETCATALOG_COMPILER_APPICON_NAME = AppIcon;
				INFOPLIST_FILE = ZFActionSheet/Info.plist;
				LD_RUNPATH_SEARCH_PATHS = "$(inherited) @executable_path/Frameworks";
				PRODUCT_BUNDLE_IDENTIFIER = Zafir.com.ZFActionSheet;
				PRODUCT_NAME = "$(TARGET_NAME)";
			};
			name = Release;
		};
		18449F351D95054900D6CB68 /* Debug */ = {
			isa = XCBuildConfiguration;
			buildSettings = {
				BUNDLE_LOADER = "$(TEST_HOST)";
				INFOPLIST_FILE = ZFActionSheetTests/Info.plist;
				LD_RUNPATH_SEARCH_PATHS = "$(inherited) @executable_path/Frameworks @loader_path/Frameworks";
				PRODUCT_BUNDLE_IDENTIFIER = Zafir.com.ZFActionSheetTests;
				PRODUCT_NAME = "$(TARGET_NAME)";
				TEST_HOST = "$(BUILT_PRODUCTS_DIR)/ZFActionSheet.app/ZFActionSheet";
			};
			name = Debug;
		};
		18449F361D95054900D6CB68 /* Release */ = {
			isa = XCBuildConfiguration;
			buildSettings = {
				BUNDLE_LOADER = "$(TEST_HOST)";
				INFOPLIST_FILE = ZFActionSheetTests/Info.plist;
				LD_RUNPATH_SEARCH_PATHS = "$(inherited) @executable_path/Frameworks @loader_path/Frameworks";
				PRODUCT_BUNDLE_IDENTIFIER = Zafir.com.ZFActionSheetTests;
				PRODUCT_NAME = "$(TARGET_NAME)";
				TEST_HOST = "$(BUILT_PRODUCTS_DIR)/ZFActionSheet.app/ZFActionSheet";
			};
			name = Release;
		};
		18449F381D95054900D6CB68 /* Debug */ = {
			isa = XCBuildConfiguration;
			buildSettings = {
				INFOPLIST_FILE = ZFActionSheetUITests/Info.plist;
				LD_RUNPATH_SEARCH_PATHS = "$(inherited) @executable_path/Frameworks @loader_path/Frameworks";
				PRODUCT_BUNDLE_IDENTIFIER = Zafir.com.ZFActionSheetUITests;
				PRODUCT_NAME = "$(TARGET_NAME)";
				TEST_TARGET_NAME = ZFActionSheet;
				USES_XCTRUNNER = YES;
			};
			name = Debug;
		};
		18449F391D95054900D6CB68 /* Release */ = {
			isa = XCBuildConfiguration;
			buildSettings = {
				INFOPLIST_FILE = ZFActionSheetUITests/Info.plist;
				LD_RUNPATH_SEARCH_PATHS = "$(inherited) @executable_path/Frameworks @loader_path/Frameworks";
				PRODUCT_BUNDLE_IDENTIFIER = Zafir.com.ZFActionSheetUITests;
				PRODUCT_NAME = "$(TARGET_NAME)";
				TEST_TARGET_NAME = ZFActionSheet;
				USES_XCTRUNNER = YES;
			};
			name = Release;
		};
/* End XCBuildConfiguration section */

/* Begin XCConfigurationList section */
		18449EFF1D95054900D6CB68 /* Build configuration list for PBXProject "ZFActionSheet" */ = {
			isa = XCConfigurationList;
			buildConfigurations = (
				18449F2F1D95054900D6CB68 /* Debug */,
				18449F301D95054900D6CB68 /* Release */,
			);
			defaultConfigurationIsVisible = 0;
			defaultConfigurationName = Release;
		};
		18449F311D95054900D6CB68 /* Build configuration list for PBXNativeTarget "ZFActionSheet" */ = {
			isa = XCConfigurationList;
			buildConfigurations = (
				18449F321D95054900D6CB68 /* Debug */,
				18449F331D95054900D6CB68 /* Release */,
			);
			defaultConfigurationIsVisible = 0;
			defaultConfigurationName = Release;
		};
		18449F341D95054900D6CB68 /* Build configuration list for PBXNativeTarget "ZFActionSheetTests" */ = {
			isa = XCConfigurationList;
			buildConfigurations = (
				18449F351D95054900D6CB68 /* Debug */,
				18449F361D95054900D6CB68 /* Release */,
			);
			defaultConfigurationIsVisible = 0;
			defaultConfigurationName = Release;
		};
		18449F371D95054900D6CB68 /* Build configuration list for PBXNativeTarget "ZFActionSheetUITests" */ = {
			isa = XCConfigurationList;
			buildConfigurations = (
				18449F381D95054900D6CB68 /* Debug */,
				18449F391D95054900D6CB68 /* Release */,
			);
			defaultConfigurationIsVisible = 0;
			defaultConfigurationName = Release;
		};
/* End XCConfigurationList section */
	};
	rootObject = 18449EFC1D95054900D6CB68 /* Project object */;
}
